
Microsoft Visual Studio Solution File, Format Version 12.00
# Visual Studio 15
VisualStudioVersion = 15.0.27703.2018
MinimumVisualStudioVersion = 10.0.40219.1
Project("{FAE04EC0-301F-11D3-BF4B-00C04F79EFBC}") = "SyedAspMvc", "MyAspMvc\SyedAspMvc.csproj", "{BE9D59D2-A3E7-4A48-B62D-91656DAE2677}"
EndProject
Project("{FAE04EC0-301F-11D3-BF4B-00C04F79EFBC}") = "SyedAspMvcTest", "SyedAspMvcTest\SyedAspMvcTest.csproj", "{DCF6017B-6B25-47CA-8EFC-5CD4DD39AF76}"
EndProject
Project("{FAE04EC0-301F-11D3-BF4B-00C04F79EFBC}") = "SyedAspWebApi", "SyedAspWebApi\SyedAspWebApi.csproj", "{72AC59A5-1C7E-42F1-8824-94102CFFE862}"
EndProject
Global
	GlobalSection(SolutionConfigurationPlatforms) = preSolution
		Debug|Any CPU = Debug|Any CPU
		Release|Any CPU = Release|Any CPU
	EndGlobalSection
	GlobalSection(ProjectConfigurationPlatforms) = postSolution
		{BE9D59D2-A3E7-4A48-B62D-91656DAE2677}.Debug|Any CPU.ActiveCfg = Debug|Any CPU
		{BE9D59D2-A3E7-4A48-B62D-91656DAE2677}.Debug|Any CPU.Build.0 = Debug|Any CPU
		{BE9D59D2-A3E7-4A48-B62D-91656DAE2677}.Release|Any CPU.ActiveCfg = Release|Any CPU
		{BE9D59D2-A3E7-4A48-B62D-91656DAE2677}.Release|Any CPU.Build.0 = Release|Any CPU
		{DCF6017B-6B25-47CA-8EFC-5CD4DD39AF76}.Debug|Any CPU.ActiveCfg = Debug|Any CPU
		{DCF6017B-6B25-47CA-8EFC-5CD4DD39AF76}.Debug|Any CPU.Build.0 = Debug|Any CPU
		{DCF6017B-6B25-47CA-8EFC-5CD4DD39AF76}.Release|Any CPU.ActiveCfg = Release|Any CPU
		{DCF6017B-6B25-47CA-8EFC-5CD4DD39AF76}.Release|Any CPU.Build.0 = Release|Any CPU
		{72AC59A5-1C7E-42F1-8824-94102CFFE862}.Debug|Any CPU.ActiveCfg = Debug|Any CPU
		{72AC59A5-1C7E-42F1-8824-94102CFFE862}.Debug|Any CPU.Build.0 = Debug|Any CPU
		{72AC59A5-1C7E-42F1-8824-94102CFFE862}.Release|Any CPU.ActiveCfg = Release|Any CPU
		{72AC59A5-1C7E-42F1-8824-94102CFFE862}.Release|Any CPU.Build.0 = Release|Any CPU
	EndGlobalSection
	GlobalSection(SolutionProperties) = preSolution
		HideSolutionNode = FALSE
	EndGlobalSection
	GlobalSection(ExtensibilityGlobals) = postSolution
		SolutionGuid = {A553345C-29D9-4BFC-B1C1-927D52940956}
	EndGlobalSection
EndGlobal
