
Microsoft Visual Studio Solution File, Format Version 12.00
# Visual Studio 15
VisualStudioVersion = 15.0.28010.2016
MinimumVisualStudioVersion = 10.0.40219.1
Project("{FAE04EC0-301F-11D3-BF4B-00C04F79EFBC}") = "Rayadi", "Rayadi\Rayadi.csproj", "{26278CE6-06AF-4D4D-81DE-0B64B2A852CC}"
EndProject
Global
	GlobalSection(SolutionConfigurationPlatforms) = preSolution
		Debug|Any CPU = Debug|Any CPU
		Release|Any CPU = Release|Any CPU
	EndGlobalSection
	GlobalSection(ProjectConfigurationPlatforms) = postSolution
		{26278CE6-06AF-4D4D-81DE-0B64B2A852CC}.Debug|Any CPU.ActiveCfg = Debug|Any CPU
		{26278CE6-06AF-4D4D-81DE-0B64B2A852CC}.Debug|Any CPU.Build.0 = Debug|Any CPU
		{26278CE6-06AF-4D4D-81DE-0B64B2A852CC}.Release|Any CPU.ActiveCfg = Release|Any CPU
		{26278CE6-06AF-4D4D-81DE-0B64B2A852CC}.Release|Any CPU.Build.0 = Release|Any CPU
	EndGlobalSection
	GlobalSection(SolutionProperties) = preSolution
		HideSolutionNode = FALSE
	EndGlobalSection
	GlobalSection(ExtensibilityGlobals) = postSolution
		SolutionGuid = {D6DC5CCD-773C-4764-818F-18E3E2EAB8A3}
	EndGlobalSection
EndGlobal
